
Microsoft Visual Studio Solution File, Format Version 10.00
# Visual Studio 2008
Project("{FAE04EC0-301F-11D3-BF4B-00C04F79EFBC}") = "SQLSpatialTools", "SQLSpatialTools.csproj", "{09428C16-7DAE-4C28-A853-E4F04DD0BEDD}"
EndProject
Global
	GlobalSection(SolutionConfigurationPlatforms) = preSolution
		Debug|Any CPU = Debug|Any CPU
		Release|Any CPU = Release|Any CPU
	EndGlobalSection
	GlobalSection(ProjectConfigurationPlatforms) = postSolution
		{09428C16-7DAE-4C28-A853-E4F04DD0BEDD}.Debug|Any CPU.ActiveCfg = Debug|Any CPU
		{09428C16-7DAE-4C28-A853-E4F04DD0BEDD}.Debug|Any CPU.Build.0 = Debug|Any CPU
		{09428C16-7DAE-4C28-A853-E4F04DD0BEDD}.Release|Any CPU.ActiveCfg = Release|Any CPU
		{09428C16-7DAE-4C28-A853-E4F04DD0BEDD}.Release|Any CPU.Build.0 = Release|Any CPU
	EndGlobalSection
	GlobalSection(SolutionProperties) = preSolution
		HideSolutionNode = FALSE
	EndGlobalSection
EndGlobal
